// !$*UTF8*$!
{
	archiveVersion = 1;
	classes = {
	};
	objectVersion = 56;
	objects = {

/* Begin PBXBuildFile section */
		5C53AD302C1727B200922DCC /* AppDelegate.swift in Sources */ = {isa = PBXBuildFile; fileRef = 5C53AD2F2C1727B200922DCC /* AppDelegate.swift */; };
		5C53AD392C1727B300922DCC /* Assets.xcassets in Resources */ = {isa = PBXBuildFile; fileRef = 5C53AD382C1727B300922DCC /* Assets.xcassets */; };
		5C53AD3C2C1727B300922DCC /* LaunchScreen.storyboard in Resources */ = {isa = PBXBuildFile; fileRef = 5C53AD3A2C1727B300922DCC /* LaunchScreen.storyboard */; };
		5C53AD472C1727B300922DCC /* SampleVIPERTests.swift in Sources */ = {isa = PBXBuildFile; fileRef = 5C53AD462C1727B300922DCC /* SampleVIPERTests.swift */; };
		5C53AD512C1727B300922DCC /* SampleVIPERUITests.swift in Sources */ = {isa = PBXBuildFile; fileRef = 5C53AD502C1727B300922DCC /* SampleVIPERUITests.swift */; };
		5C53AD532C1727B300922DCC /* SampleVIPERUITestsLaunchTests.swift in Sources */ = {isa = PBXBuildFile; fileRef = 5C53AD522C1727B300922DCC /* SampleVIPERUITestsLaunchTests.swift */; };
		5C5FEEF52C184081002C3A7A /* SearchBuilder.swift in Sources */ = {isa = PBXBuildFile; fileRef = 5C5FEEF42C184081002C3A7A /* SearchBuilder.swift */; };
		5C5FEEF92C184097002C3A7A /* SearchRouter.swift in Sources */ = {isa = PBXBuildFile; fileRef = 5C5FEEF82C184097002C3A7A /* SearchRouter.swift */; };
		5C5FEEFB2C1840A5002C3A7A /* SearchContractor.swift in Sources */ = {isa = PBXBuildFile; fileRef = 5C5FEEFA2C1840A5002C3A7A /* SearchContractor.swift */; };
		5C5FEEFD2C1840B1002C3A7A /* SearchPresenter.swift in Sources */ = {isa = PBXBuildFile; fileRef = 5C5FEEFC2C1840B1002C3A7A /* SearchPresenter.swift */; };
		5C5FEEFF2C1840BC002C3A7A /* SearchInteractor.swift in Sources */ = {isa = PBXBuildFile; fileRef = 5C5FEEFE2C1840BC002C3A7A /* SearchInteractor.swift */; };
		5C5FEF022C1840C9002C3A7A /* SearchViewController.swift in Sources */ = {isa = PBXBuildFile; fileRef = 5C5FEF002C1840C9002C3A7A /* SearchViewController.swift */; };
		5C5FEF032C1840C9002C3A7A /* SearchViewController.xib in Resources */ = {isa = PBXBuildFile; fileRef = 5C5FEF012C1840C9002C3A7A /* SearchViewController.xib */; };
		5CA089282C172FB00092FEA9 /* AppDelegate+Notifications.swift in Sources */ = {isa = PBXBuildFile; fileRef = 5CA089272C172FB00092FEA9 /* AppDelegate+Notifications.swift */; };
		5CA0892A2C172FE70092FEA9 /* AppDelegate+ATT.swift in Sources */ = {isa = PBXBuildFile; fileRef = 5CA089292C172FE70092FEA9 /* AppDelegate+ATT.swift */; };
		5CA0892C2C172FFE0092FEA9 /* AppRouter.swift in Sources */ = {isa = PBXBuildFile; fileRef = 5CA0892B2C172FFE0092FEA9 /* AppRouter.swift */; };
		5CA089402C1730F50092FEA9 /* Roboto-Medium.ttf in Resources */ = {isa = PBXBuildFile; fileRef = 5CA089332C1730F50092FEA9 /* Roboto-Medium.ttf */; };
		5CA089422C1730F50092FEA9 /* Roboto-Regular.ttf in Resources */ = {isa = PBXBuildFile; fileRef = 5CA089352C1730F50092FEA9 /* Roboto-Regular.ttf */; };
		5CA089462C1730F50092FEA9 /* LICENSE.txt in Resources */ = {isa = PBXBuildFile; fileRef = 5CA089392C1730F50092FEA9 /* LICENSE.txt */; };
		5CA089492C1730F50092FEA9 /* Roboto-Bold.ttf in Resources */ = {isa = PBXBuildFile; fileRef = 5CA0893C2C1730F50092FEA9 /* Roboto-Bold.ttf */; };
		5CA0894C2C17335B0092FEA9 /* Colors.swift in Sources */ = {isa = PBXBuildFile; fileRef = 5CA0894B2C17335B0092FEA9 /* Colors.swift */; };
		5CA089502C17339B0092FEA9 /* Fonts.swift in Sources */ = {isa = PBXBuildFile; fileRef = 5CA0894F2C17339B0092FEA9 /* Fonts.swift */; };
		5CA089552C1734490092FEA9 /* CustomNavigationBar.xib in Resources */ = {isa = PBXBuildFile; fileRef = 5CA089532C1734490092FEA9 /* CustomNavigationBar.xib */; };
		5CA089562C1734490092FEA9 /* CustomNavigationBar.swift in Sources */ = {isa = PBXBuildFile; fileRef = 5CA089542C1734490092FEA9 /* CustomNavigationBar.swift */; };
		5CA089592C1735640092FEA9 /* BaseViewController.swift in Sources */ = {isa = PBXBuildFile; fileRef = 5CA089582C1735640092FEA9 /* BaseViewController.swift */; };
		5CA0895D2C1736800092FEA9 /* UIViewController+Ext.swift in Sources */ = {isa = PBXBuildFile; fileRef = 5CA0895C2C1736800092FEA9 /* UIViewController+Ext.swift */; };
		5CA0895F2C1737400092FEA9 /* UIView+Ext.swift in Sources */ = {isa = PBXBuildFile; fileRef = 5CA0895E2C1737400092FEA9 /* UIView+Ext.swift */; };
		5CA089612C1737690092FEA9 /* NSObject+Ext.swift in Sources */ = {isa = PBXBuildFile; fileRef = 5CA089602C1737690092FEA9 /* NSObject+Ext.swift */; };
		5CA089632C1737970092FEA9 /* BaseContractor.swift in Sources */ = {isa = PBXBuildFile; fileRef = 5CA089622C1737970092FEA9 /* BaseContractor.swift */; };
		5CA0896E2C173C4C0092FEA9 /* Alamofire in Frameworks */ = {isa = PBXBuildFile; productRef = 5CA0896D2C173C4C0092FEA9 /* Alamofire */; };
		5CA089702C173C4C0092FEA9 /* AlamofireDynamic in Frameworks */ = {isa = PBXBuildFile; productRef = 5CA0896F2C173C4C0092FEA9 /* AlamofireDynamic */; };
		5CA089732C173C6F0092FEA9 /* Networkable.swift in Sources */ = {isa = PBXBuildFile; fileRef = 5CA089722C173C6F0092FEA9 /* Networkable.swift */; };
		5CA089752C173C800092FEA9 /* NetworkRouter.swift in Sources */ = {isa = PBXBuildFile; fileRef = 5CA089742C173C800092FEA9 /* NetworkRouter.swift */; };
		5CA089772C173D1A0092FEA9 /* Models.swift in Sources */ = {isa = PBXBuildFile; fileRef = 5CA089762C173D1A0092FEA9 /* Models.swift */; };
		5CA089792C173D440092FEA9 /* NetworkManager.swift in Sources */ = {isa = PBXBuildFile; fileRef = 5CA089782C173D440092FEA9 /* NetworkManager.swift */; };
/* End PBXBuildFile section */

/* Begin PBXContainerItemProxy section */
		5C53AD432C1727B300922DCC /* PBXContainerItemProxy */ = {
			isa = PBXContainerItemProxy;
			containerPortal = 5C53AD242C1727B200922DCC /* Project object */;
			proxyType = 1;
			remoteGlobalIDString = 5C53AD2B2C1727B200922DCC;
			remoteInfo = SampleVIPER;
		};
		5C53AD4D2C1727B300922DCC /* PBXContainerItemProxy */ = {
			isa = PBXContainerItemProxy;
			containerPortal = 5C53AD242C1727B200922DCC /* Project object */;
			proxyType = 1;
			remoteGlobalIDString = 5C53AD2B2C1727B200922DCC;
			remoteInfo = SampleVIPER;
		};
/* End PBXContainerItemProxy section */

/* Begin PBXFileReference section */
		5C53AD2C2C1727B200922DCC /* SampleVIPER.app */ = {isa = PBXFileReference; explicitFileType = wrapper.application; includeInIndex = 0; path = SampleVIPER.app; sourceTree = BUILT_PRODUCTS_DIR; };
		5C53AD2F2C1727B200922DCC /* AppDelegate.swift */ = {isa = PBXFileReference; lastKnownFileType = sourcecode.swift; path = AppDelegate.swift; sourceTree = "<group>"; };
		5C53AD382C1727B300922DCC /* Assets.xcassets */ = {isa = PBXFileReference; lastKnownFileType = folder.assetcatalog; path = Assets.xcassets; sourceTree = "<group>"; };
		5C53AD3B2C1727B300922DCC /* Base */ = {isa = PBXFileReference; lastKnownFileType = file.storyboard; name = Base; path = Base.lproj/LaunchScreen.storyboard; sourceTree = "<group>"; };
		5C53AD3D2C1727B300922DCC /* Info.plist */ = {isa = PBXFileReference; lastKnownFileType = text.plist.xml; path = Info.plist; sourceTree = "<group>"; };
		5C53AD422C1727B300922DCC /* SampleVIPERTests.xctest */ = {isa = PBXFileReference; explicitFileType = wrapper.cfbundle; includeInIndex = 0; path = SampleVIPERTests.xctest; sourceTree = BUILT_PRODUCTS_DIR; };
		5C53AD462C1727B300922DCC /* SampleVIPERTests.swift */ = {isa = PBXFileReference; lastKnownFileType = sourcecode.swift; path = SampleVIPERTests.swift; sourceTree = "<group>"; };
		5C53AD4C2C1727B300922DCC /* SampleVIPERUITests.xctest */ = {isa = PBXFileReference; explicitFileType = wrapper.cfbundle; includeInIndex = 0; path = SampleVIPERUITests.xctest; sourceTree = BUILT_PRODUCTS_DIR; };
		5C53AD502C1727B300922DCC /* SampleVIPERUITests.swift */ = {isa = PBXFileReference; lastKnownFileType = sourcecode.swift; path = SampleVIPERUITests.swift; sourceTree = "<group>"; };
		5C53AD522C1727B300922DCC /* SampleVIPERUITestsLaunchTests.swift */ = {isa = PBXFileReference; lastKnownFileType = sourcecode.swift; path = SampleVIPERUITestsLaunchTests.swift; sourceTree = "<group>"; };
		5C5FEEF42C184081002C3A7A /* SearchBuilder.swift */ = {isa = PBXFileReference; lastKnownFileType = sourcecode.swift; path = SearchBuilder.swift; sourceTree = "<group>"; };
		5C5FEEF82C184097002C3A7A /* SearchRouter.swift */ = {isa = PBXFileReference; lastKnownFileType = sourcecode.swift; path = SearchRouter.swift; sourceTree = "<group>"; };
		5C5FEEFA2C1840A5002C3A7A /* SearchContractor.swift */ = {isa = PBXFileReference; lastKnownFileType = sourcecode.swift; path = SearchContractor.swift; sourceTree = "<group>"; };
		5C5FEEFC2C1840B1002C3A7A /* SearchPresenter.swift */ = {isa = PBXFileReference; lastKnownFileType = sourcecode.swift; path = SearchPresenter.swift; sourceTree = "<group>"; };
		5C5FEEFE2C1840BC002C3A7A /* SearchInteractor.swift */ = {isa = PBXFileReference; lastKnownFileType = sourcecode.swift; path = SearchInteractor.swift; sourceTree = "<group>"; };
		5C5FEF002C1840C9002C3A7A /* SearchViewController.swift */ = {isa = PBXFileReference; lastKnownFileType = sourcecode.swift; path = SearchViewController.swift; sourceTree = "<group>"; };
		5C5FEF012C1840C9002C3A7A /* SearchViewController.xib */ = {isa = PBXFileReference; lastKnownFileType = file.xib; path = SearchViewController.xib; sourceTree = "<group>"; };
		5CA089272C172FB00092FEA9 /* AppDelegate+Notifications.swift */ = {isa = PBXFileReference; lastKnownFileType = sourcecode.swift; path = "AppDelegate+Notifications.swift"; sourceTree = "<group>"; };
		5CA089292C172FE70092FEA9 /* AppDelegate+ATT.swift */ = {isa = PBXFileReference; lastKnownFileType = sourcecode.swift; path = "AppDelegate+ATT.swift"; sourceTree = "<group>"; };
		5CA0892B2C172FFE0092FEA9 /* AppRouter.swift */ = {isa = PBXFileReference; lastKnownFileType = sourcecode.swift; path = AppRouter.swift; sourceTree = "<group>"; };
		5CA089332C1730F50092FEA9 /* Roboto-Medium.ttf */ = {isa = PBXFileReference; lastKnownFileType = file; path = "Roboto-Medium.ttf"; sourceTree = "<group>"; };
		5CA089352C1730F50092FEA9 /* Roboto-Regular.ttf */ = {isa = PBXFileReference; lastKnownFileType = file; path = "Roboto-Regular.ttf"; sourceTree = "<group>"; };
		5CA089392C1730F50092FEA9 /* LICENSE.txt */ = {isa = PBXFileReference; fileEncoding = 4; lastKnownFileType = text; path = LICENSE.txt; sourceTree = "<group>"; };
		5CA0893C2C1730F50092FEA9 /* Roboto-Bold.ttf */ = {isa = PBXFileReference; lastKnownFileType = file; path = "Roboto-Bold.ttf"; sourceTree = "<group>"; };
		5CA0894B2C17335B0092FEA9 /* Colors.swift */ = {isa = PBXFileReference; lastKnownFileType = sourcecode.swift; path = Colors.swift; sourceTree = "<group>"; };
		5CA0894F2C17339B0092FEA9 /* Fonts.swift */ = {isa = PBXFileReference; lastKnownFileType = sourcecode.swift; path = Fonts.swift; sourceTree = "<group>"; };
		5CA089532C1734490092FEA9 /* CustomNavigationBar.xib */ = {isa = PBXFileReference; fileEncoding = 4; lastKnownFileType = file.xib; path = CustomNavigationBar.xib; sourceTree = "<group>"; };
		5CA089542C1734490092FEA9 /* CustomNavigationBar.swift */ = {isa = PBXFileReference; fileEncoding = 4; lastKnownFileType = sourcecode.swift; path = CustomNavigationBar.swift; sourceTree = "<group>"; };
		5CA089582C1735640092FEA9 /* BaseViewController.swift */ = {isa = PBXFileReference; lastKnownFileType = sourcecode.swift; path = BaseViewController.swift; sourceTree = "<group>"; };
		5CA0895C2C1736800092FEA9 /* UIViewController+Ext.swift */ = {isa = PBXFileReference; lastKnownFileType = sourcecode.swift; path = "UIViewController+Ext.swift"; sourceTree = "<group>"; };
		5CA0895E2C1737400092FEA9 /* UIView+Ext.swift */ = {isa = PBXFileReference; lastKnownFileType = sourcecode.swift; path = "UIView+Ext.swift"; sourceTree = "<group>"; };
		5CA089602C1737690092FEA9 /* NSObject+Ext.swift */ = {isa = PBXFileReference; lastKnownFileType = sourcecode.swift; path = "NSObject+Ext.swift"; sourceTree = "<group>"; };
		5CA089622C1737970092FEA9 /* BaseContractor.swift */ = {isa = PBXFileReference; lastKnownFileType = sourcecode.swift; path = BaseContractor.swift; sourceTree = "<group>"; };
		5CA089722C173C6F0092FEA9 /* Networkable.swift */ = {isa = PBXFileReference; lastKnownFileType = sourcecode.swift; path = Networkable.swift; sourceTree = "<group>"; };
		5CA089742C173C800092FEA9 /* NetworkRouter.swift */ = {isa = PBXFileReference; lastKnownFileType = sourcecode.swift; path = NetworkRouter.swift; sourceTree = "<group>"; };
		5CA089762C173D1A0092FEA9 /* Models.swift */ = {isa = PBXFileReference; lastKnownFileType = sourcecode.swift; path = Models.swift; sourceTree = "<group>"; };
		5CA089782C173D440092FEA9 /* NetworkManager.swift */ = {isa = PBXFileReference; lastKnownFileType = sourcecode.swift; path = NetworkManager.swift; sourceTree = "<group>"; };
/* End PBXFileReference section */

/* Begin PBXFrameworksBuildPhase section */
		5C53AD292C1727B200922DCC /* Frameworks */ = {
			isa = PBXFrameworksBuildPhase;
			buildActionMask = 2147483647;
			files = (
				5CA0896E2C173C4C0092FEA9 /* Alamofire in Frameworks */,
				5CA089702C173C4C0092FEA9 /* AlamofireDynamic in Frameworks */,
			);
			runOnlyForDeploymentPostprocessing = 0;
		};
		5C53AD3F2C1727B300922DCC /* Frameworks */ = {
			isa = PBXFrameworksBuildPhase;
			buildActionMask = 2147483647;
			files = (
			);
			runOnlyForDeploymentPostprocessing = 0;
		};
		5C53AD492C1727B300922DCC /* Frameworks */ = {
			isa = PBXFrameworksBuildPhase;
			buildActionMask = 2147483647;
			files = (
			);
			runOnlyForDeploymentPostprocessing = 0;
		};
/* End PBXFrameworksBuildPhase section */

/* Begin PBXGroup section */
		5C53AD232C1727B200922DCC = {
			isa = PBXGroup;
			children = (
				5C53AD2E2C1727B200922DCC /* SampleVIPER */,
				5C53AD452C1727B300922DCC /* SampleVIPERTests */,
				5C53AD4F2C1727B300922DCC /* SampleVIPERUITests */,
				5C53AD2D2C1727B200922DCC /* Products */,
			);
			sourceTree = "<group>";
		};
		5C53AD2D2C1727B200922DCC /* Products */ = {
			isa = PBXGroup;
			children = (
				5C53AD2C2C1727B200922DCC /* SampleVIPER.app */,
				5C53AD422C1727B300922DCC /* SampleVIPERTests.xctest */,
				5C53AD4C2C1727B300922DCC /* SampleVIPERUITests.xctest */,
			);
			name = Products;
			sourceTree = "<group>";
		};
		5C53AD2E2C1727B200922DCC /* SampleVIPER */ = {
			isa = PBXGroup;
			children = (
				5CA089262C172F990092FEA9 /* Application */,
				5C5FEEF12C182C73002C3A7A /* Modules */,
				5CA0895A2C17363A0092FEA9 /* Utils */,
				5CA089512C17341E0092FEA9 /* Commons */,
				5CA0892E2C1730B10092FEA9 /* Theme */,
				5CA0892D2C17305F0092FEA9 /* SupportingFiles */,
				5C53AD3D2C1727B300922DCC /* Info.plist */,
			);
			path = SampleVIPER;
			sourceTree = "<group>";
		};
		5C53AD452C1727B300922DCC /* SampleVIPERTests */ = {
			isa = PBXGroup;
			children = (
				5C53AD462C1727B300922DCC /* SampleVIPERTests.swift */,
			);
			path = SampleVIPERTests;
			sourceTree = "<group>";
		};
		5C53AD4F2C1727B300922DCC /* SampleVIPERUITests */ = {
			isa = PBXGroup;
			children = (
				5C53AD502C1727B300922DCC /* SampleVIPERUITests.swift */,
				5C53AD522C1727B300922DCC /* SampleVIPERUITestsLaunchTests.swift */,
			);
			path = SampleVIPERUITests;
			sourceTree = "<group>";
		};
		5C5FEEF12C182C73002C3A7A /* Modules */ = {
			isa = PBXGroup;
			children = (
				5C5FEEF22C18402F002C3A7A /* Search */,
			);
			path = Modules;
			sourceTree = "<group>";
		};
		5C5FEEF22C18402F002C3A7A /* Search */ = {
			isa = PBXGroup;
			children = (
				5C5FEEF32C184048002C3A7A /* Builder */,
				5C5FEEFA2C1840A5002C3A7A /* SearchContractor.swift */,
				5C5FEEF82C184097002C3A7A /* SearchRouter.swift */,
				5C5FEEFC2C1840B1002C3A7A /* SearchPresenter.swift */,
				5C5FEEFE2C1840BC002C3A7A /* SearchInteractor.swift */,
				5C5FEF002C1840C9002C3A7A /* SearchViewController.swift */,
				5C5FEF012C1840C9002C3A7A /* SearchViewController.xib */,
			);
			path = Search;
			sourceTree = "<group>";
		};
		5C5FEEF32C184048002C3A7A /* Builder */ = {
			isa = PBXGroup;
			children = (
				5C5FEEF42C184081002C3A7A /* SearchBuilder.swift */,
			);
			path = Builder;
			sourceTree = "<group>";
		};
		5CA089262C172F990092FEA9 /* Application */ = {
			isa = PBXGroup;
			children = (
				5C53AD2F2C1727B200922DCC /* AppDelegate.swift */,
				5CA089272C172FB00092FEA9 /* AppDelegate+Notifications.swift */,
				5CA089292C172FE70092FEA9 /* AppDelegate+ATT.swift */,
				5CA0892B2C172FFE0092FEA9 /* AppRouter.swift */,
			);
			path = Application;
			sourceTree = "<group>";
		};
		5CA0892D2C17305F0092FEA9 /* SupportingFiles */ = {
			isa = PBXGroup;
			children = (
				5C53AD382C1727B300922DCC /* Assets.xcassets */,
				5C53AD3A2C1727B300922DCC /* LaunchScreen.storyboard */,
			);
			path = SupportingFiles;
			sourceTree = "<group>";
		};
		5CA0892E2C1730B10092FEA9 /* Theme */ = {
			isa = PBXGroup;
			children = (
				5CA0892F2C1730B80092FEA9 /* Fonts */,
				5CA0894B2C17335B0092FEA9 /* Colors.swift */,
				5CA0894F2C17339B0092FEA9 /* Fonts.swift */,
			);
			path = Theme;
			sourceTree = "<group>";
		};
		5CA0892F2C1730B80092FEA9 /* Fonts */ = {
			isa = PBXGroup;
			children = (
				5CA089302C1730C50092FEA9 /* Roboto */,
			);
			path = Fonts;
			sourceTree = "<group>";
		};
		5CA089302C1730C50092FEA9 /* Roboto */ = {
			isa = PBXGroup;
			children = (
				5CA089392C1730F50092FEA9 /* LICENSE.txt */,
				5CA0893C2C1730F50092FEA9 /* Roboto-Bold.ttf */,
				5CA089332C1730F50092FEA9 /* Roboto-Medium.ttf */,
				5CA089352C1730F50092FEA9 /* Roboto-Regular.ttf */,
			);
			path = Roboto;
			sourceTree = "<group>";
		};
		5CA089512C17341E0092FEA9 /* Commons */ = {
			isa = PBXGroup;
			children = (
				5CA089572C1735570092FEA9 /* Base */,
				5CA089522C1734250092FEA9 /* NavigationBar */,
			);
			path = Commons;
			sourceTree = "<group>";
		};
		5CA089522C1734250092FEA9 /* NavigationBar */ = {
			isa = PBXGroup;
			children = (
				5CA089542C1734490092FEA9 /* CustomNavigationBar.swift */,
				5CA089532C1734490092FEA9 /* CustomNavigationBar.xib */,
			);
			path = NavigationBar;
			sourceTree = "<group>";
		};
		5CA089572C1735570092FEA9 /* Base */ = {
			isa = PBXGroup;
			children = (
				5CA089582C1735640092FEA9 /* BaseViewController.swift */,
				5CA089622C1737970092FEA9 /* BaseContractor.swift */,
			);
			path = Base;
			sourceTree = "<group>";
		};
		5CA0895A2C17363A0092FEA9 /* Utils */ = {
			isa = PBXGroup;
			children = (
				5CA089712C173C5F0092FEA9 /* Network */,
				5CA0895B2C17363F0092FEA9 /* Extensions */,
			);
			path = Utils;
			sourceTree = "<group>";
		};
		5CA0895B2C17363F0092FEA9 /* Extensions */ = {
			isa = PBXGroup;
			children = (
				5CA0895C2C1736800092FEA9 /* UIViewController+Ext.swift */,
				5CA0895E2C1737400092FEA9 /* UIView+Ext.swift */,
				5CA089602C1737690092FEA9 /* NSObject+Ext.swift */,
			);
			path = Extensions;
			sourceTree = "<group>";
		};
		5CA089712C173C5F0092FEA9 /* Network */ = {
			isa = PBXGroup;
			children = (
				5CA089782C173D440092FEA9 /* NetworkManager.swift */,
				5CA089722C173C6F0092FEA9 /* Networkable.swift */,
				5CA089742C173C800092FEA9 /* NetworkRouter.swift */,
				5CA089762C173D1A0092FEA9 /* Models.swift */,
			);
			path = Network;
			sourceTree = "<group>";
		};
/* End PBXGroup section */

/* Begin PBXNativeTarget section */
		5C53AD2B2C1727B200922DCC /* SampleVIPER */ = {
			isa = PBXNativeTarget;
			buildConfigurationList = 5C53AD562C1727B300922DCC /* Build configuration list for PBXNativeTarget "SampleVIPER" */;
			buildPhases = (
				5C53AD282C1727B200922DCC /* Sources */,
				5C53AD292C1727B200922DCC /* Frameworks */,
				5C53AD2A2C1727B200922DCC /* Resources */,
			);
			buildRules = (
			);
			dependencies = (
			);
			name = SampleVIPER;
			packageProductDependencies = (
				5CA0896D2C173C4C0092FEA9 /* Alamofire */,
				5CA0896F2C173C4C0092FEA9 /* AlamofireDynamic */,
			);
			productName = SampleVIPER;
			productReference = 5C53AD2C2C1727B200922DCC /* SampleVIPER.app */;
			productType = "com.apple.product-type.application";
		};
		5C53AD412C1727B300922DCC /* SampleVIPERTests */ = {
			isa = PBXNativeTarget;
			buildConfigurationList = 5C53AD592C1727B300922DCC /* Build configuration list for PBXNativeTarget "SampleVIPERTests" */;
			buildPhases = (
				5C53AD3E2C1727B300922DCC /* Sources */,
				5C53AD3F2C1727B300922DCC /* Frameworks */,
				5C53AD402C1727B300922DCC /* Resources */,
			);
			buildRules = (
			);
			dependencies = (
				5C53AD442C1727B300922DCC /* PBXTargetDependency */,
			);
			name = SampleVIPERTests;
			productName = SampleVIPERTests;
			productReference = 5C53AD422C1727B300922DCC /* SampleVIPERTests.xctest */;
			productType = "com.apple.product-type.bundle.unit-test";
		};
		5C53AD4B2C1727B300922DCC /* SampleVIPERUITests */ = {
			isa = PBXNativeTarget;
			buildConfigurationList = 5C53AD5C2C1727B300922DCC /* Build configuration list for PBXNativeTarget "SampleVIPERUITests" */;
			buildPhases = (
				5C53AD482C1727B300922DCC /* Sources */,
				5C53AD492C1727B300922DCC /* Frameworks */,
				5C53AD4A2C1727B300922DCC /* Resources */,
			);
			buildRules = (
			);
			dependencies = (
				5C53AD4E2C1727B300922DCC /* PBXTargetDependency */,
			);
			name = SampleVIPERUITests;
			productName = SampleVIPERUITests;
			productReference = 5C53AD4C2C1727B300922DCC /* SampleVIPERUITests.xctest */;
			productType = "com.apple.product-type.bundle.ui-testing";
		};
/* End PBXNativeTarget section */

/* Begin PBXProject section */
		5C53AD242C1727B200922DCC /* Project object */ = {
			isa = PBXProject;
			attributes = {
				BuildIndependentTargetsInParallel = 1;
				LastSwiftUpdateCheck = 1500;
				LastUpgradeCheck = 1500;
				TargetAttributes = {
					5C53AD2B2C1727B200922DCC = {
						CreatedOnToolsVersion = 15.0.1;
					};
					5C53AD412C1727B300922DCC = {
						CreatedOnToolsVersion = 15.0.1;
						TestTargetID = 5C53AD2B2C1727B200922DCC;
					};
					5C53AD4B2C1727B300922DCC = {
						CreatedOnToolsVersion = 15.0.1;
						TestTargetID = 5C53AD2B2C1727B200922DCC;
					};
				};
			};
			buildConfigurationList = 5C53AD272C1727B200922DCC /* Build configuration list for PBXProject "SampleVIPER" */;
			compatibilityVersion = "Xcode 14.0";
			developmentRegion = en;
			hasScannedForEncodings = 0;
			knownRegions = (
				en,
				Base,
			);
			mainGroup = 5C53AD232C1727B200922DCC;
			packageReferences = (
				5CA0896C2C173C4C0092FEA9 /* XCRemoteSwiftPackageReference "Alamofire" */,
			);
			productRefGroup = 5C53AD2D2C1727B200922DCC /* Products */;
			projectDirPath = "";
			projectRoot = "";
			targets = (
				5C53AD2B2C1727B200922DCC /* SampleVIPER */,
				5C53AD412C1727B300922DCC /* SampleVIPERTests */,
				5C53AD4B2C1727B300922DCC /* SampleVIPERUITests */,
			);
		};
/* End PBXProject section */

/* Begin PBXResourcesBuildPhase section */
		5C53AD2A2C1727B200922DCC /* Resources */ = {
			isa = PBXResourcesBuildPhase;
			buildActionMask = 2147483647;
			files = (
				5CA089462C1730F50092FEA9 /* LICENSE.txt in Resources */,
				5CA089492C1730F50092FEA9 /* Roboto-Bold.ttf in Resources */,
				5C53AD3C2C1727B300922DCC /* LaunchScreen.storyboard in Resources */,
				5C53AD392C1727B300922DCC /* Assets.xcassets in Resources */,
				5CA089422C1730F50092FEA9 /* Roboto-Regular.ttf in Resources */,
				5CA089552C1734490092FEA9 /* CustomNavigationBar.xib in Resources */,
				5C5FEF032C1840C9002C3A7A /* SearchViewController.xib in Resources */,
				5CA089402C1730F50092FEA9 /* Roboto-Medium.ttf in Resources */,
			);
			runOnlyForDeploymentPostprocessing = 0;
		};
		5C53AD402C1727B300922DCC /* Resources */ = {
			isa = PBXResourcesBuildPhase;
			buildActionMask = 2147483647;
			files = (
			);
			runOnlyForDeploymentPostprocessing = 0;
		};
		5C53AD4A2C1727B300922DCC /* Resources */ = {
			isa = PBXResourcesBuildPhase;
			buildActionMask = 2147483647;
			files = (
			);
			runOnlyForDeploymentPostprocessing = 0;
		};
/* End PBXResourcesBuildPhase section */

/* Begin PBXSourcesBuildPhase section */
		5C53AD282C1727B200922DCC /* Sources */ = {
			isa = PBXSourcesBuildPhase;
			buildActionMask = 2147483647;
			files = (
				5CA089612C1737690092FEA9 /* NSObject+Ext.swift in Sources */,
				5CA089502C17339B0092FEA9 /* Fonts.swift in Sources */,
				5C5FEEFD2C1840B1002C3A7A /* SearchPresenter.swift in Sources */,
				5CA0892A2C172FE70092FEA9 /* AppDelegate+ATT.swift in Sources */,
				5CA089732C173C6F0092FEA9 /* Networkable.swift in Sources */,
				5CA089792C173D440092FEA9 /* NetworkManager.swift in Sources */,
				5C5FEEFF2C1840BC002C3A7A /* SearchInteractor.swift in Sources */,
				5C5FEEFB2C1840A5002C3A7A /* SearchContractor.swift in Sources */,
				5CA0895F2C1737400092FEA9 /* UIView+Ext.swift in Sources */,
				5CA0894C2C17335B0092FEA9 /* Colors.swift in Sources */,
				5C53AD302C1727B200922DCC /* AppDelegate.swift in Sources */,
				5CA0892C2C172FFE0092FEA9 /* AppRouter.swift in Sources */,
				5C5FEF022C1840C9002C3A7A /* SearchViewController.swift in Sources */,
				5CA089592C1735640092FEA9 /* BaseViewController.swift in Sources */,
				5CA089772C173D1A0092FEA9 /* Models.swift in Sources */,
				5CA089282C172FB00092FEA9 /* AppDelegate+Notifications.swift in Sources */,
				5CA089632C1737970092FEA9 /* BaseContractor.swift in Sources */,
				5C5FEEF52C184081002C3A7A /* SearchBuilder.swift in Sources */,
				5CA089562C1734490092FEA9 /* CustomNavigationBar.swift in Sources */,
				5CA0895D2C1736800092FEA9 /* UIViewController+Ext.swift in Sources */,
				5C5FEEF92C184097002C3A7A /* SearchRouter.swift in Sources */,
				5CA089752C173C800092FEA9 /* NetworkRouter.swift in Sources */,
			);
			runOnlyForDeploymentPostprocessing = 0;
		};
		5C53AD3E2C1727B300922DCC /* Sources */ = {
			isa = PBXSourcesBuildPhase;
			buildActionMask = 2147483647;
			files = (
				5C53AD472C1727B300922DCC /* SampleVIPERTests.swift in Sources */,
			);
			runOnlyForDeploymentPostprocessing = 0;
		};
		5C53AD482C1727B300922DCC /* Sources */ = {
			isa = PBXSourcesBuildPhase;
			buildActionMask = 2147483647;
			files = (
				5C53AD512C1727B300922DCC /* SampleVIPERUITests.swift in Sources */,
				5C53AD532C1727B300922DCC /* SampleVIPERUITestsLaunchTests.swift in Sources */,
			);
			runOnlyForDeploymentPostprocessing = 0;
		};
/* End PBXSourcesBuildPhase section */

/* Begin PBXTargetDependency section */
		5C53AD442C1727B300922DCC /* PBXTargetDependency */ = {
			isa = PBXTargetDependency;
			target = 5C53AD2B2C1727B200922DCC /* SampleVIPER */;
			targetProxy = 5C53AD432C1727B300922DCC /* PBXContainerItemProxy */;
		};
		5C53AD4E2C1727B300922DCC /* PBXTargetDependency */ = {
			isa = PBXTargetDependency;
			target = 5C53AD2B2C1727B200922DCC /* SampleVIPER */;
			targetProxy = 5C53AD4D2C1727B300922DCC /* PBXContainerItemProxy */;
		};
/* End PBXTargetDependency section */

/* Begin PBXVariantGroup section */
		5C53AD3A2C1727B300922DCC /* LaunchScreen.storyboard */ = {
			isa = PBXVariantGroup;
			children = (
				5C53AD3B2C1727B300922DCC /* Base */,
			);
			name = LaunchScreen.storyboard;
			sourceTree = "<group>";
		};
/* End PBXVariantGroup section */

/* Begin XCBuildConfiguration section */
		5C53AD542C1727B300922DCC /* Debug */ = {
			isa = XCBuildConfiguration;
			buildSettings = {
				ALWAYS_SEARCH_USER_PATHS = NO;
				ASSETCATALOG_COMPILER_GENERATE_SWIFT_ASSET_SYMBOL_EXTENSIONS = YES;
				CLANG_ANALYZER_NONNULL = YES;
				CLANG_ANALYZER_NUMBER_OBJECT_CONVERSION = YES_AGGRESSIVE;
				CLANG_CXX_LANGUAGE_STANDARD = "gnu++20";
				CLANG_ENABLE_MODULES = YES;
				CLANG_ENABLE_OBJC_ARC = YES;
				CLANG_ENABLE_OBJC_WEAK = YES;
				CLANG_WARN_BLOCK_CAPTURE_AUTORELEASING = YES;
				CLANG_WARN_BOOL_CONVERSION = YES;
				CLANG_WARN_COMMA = YES;
				CLANG_WARN_CONSTANT_CONVERSION = YES;
				CLANG_WARN_DEPRECATED_OBJC_IMPLEMENTATIONS = YES;
				CLANG_WARN_DIRECT_OBJC_ISA_USAGE = YES_ERROR;
				CLANG_WARN_DOCUMENTATION_COMMENTS = YES;
				CLANG_WARN_EMPTY_BODY = YES;
				CLANG_WARN_ENUM_CONVERSION = YES;
				CLANG_WARN_INFINITE_RECURSION = YES;
				CLANG_WARN_INT_CONVERSION = YES;
				CLANG_WARN_NON_LITERAL_NULL_CONVERSION = YES;
				CLANG_WARN_OBJC_IMPLICIT_RETAIN_SELF = YES;
				CLANG_WARN_OBJC_LITERAL_CONVERSION = YES;
				CLANG_WARN_OBJC_ROOT_CLASS = YES_ERROR;
				CLANG_WARN_QUOTED_INCLUDE_IN_FRAMEWORK_HEADER = YES;
				CLANG_WARN_RANGE_LOOP_ANALYSIS = YES;
				CLANG_WARN_STRICT_PROTOTYPES = YES;
				CLANG_WARN_SUSPICIOUS_MOVE = YES;
				CLANG_WARN_UNGUARDED_AVAILABILITY = YES_AGGRESSIVE;
				CLANG_WARN_UNREACHABLE_CODE = YES;
				CLANG_WARN__DUPLICATE_METHOD_MATCH = YES;
				COPY_PHASE_STRIP = NO;
				DEBUG_INFORMATION_FORMAT = dwarf;
				ENABLE_STRICT_OBJC_MSGSEND = YES;
				ENABLE_TESTABILITY = YES;
				ENABLE_USER_SCRIPT_SANDBOXING = YES;
				GCC_C_LANGUAGE_STANDARD = gnu17;
				GCC_DYNAMIC_NO_PIC = NO;
				GCC_NO_COMMON_BLOCKS = YES;
				GCC_OPTIMIZATION_LEVEL = 0;
				GCC_PREPROCESSOR_DEFINITIONS = (
					"DEBUG=1",
					"$(inherited)",
				);
				GCC_WARN_64_TO_32_BIT_CONVERSION = YES;
				GCC_WARN_ABOUT_RETURN_TYPE = YES_ERROR;
				GCC_WARN_UNDECLARED_SELECTOR = YES;
				GCC_WARN_UNINITIALIZED_AUTOS = YES_AGGRESSIVE;
				GCC_WARN_UNUSED_FUNCTION = YES;
				GCC_WARN_UNUSED_VARIABLE = YES;
				IPHONEOS_DEPLOYMENT_TARGET = 14.0;
				LOCALIZATION_PREFERS_STRING_CATALOGS = YES;
				MTL_ENABLE_DEBUG_INFO = INCLUDE_SOURCE;
				MTL_FAST_MATH = YES;
				ONLY_ACTIVE_ARCH = YES;
				SDKROOT = iphoneos;
				SWIFT_ACTIVE_COMPILATION_CONDITIONS = "DEBUG $(inherited)";
				SWIFT_OPTIMIZATION_LEVEL = "-Onone";
			};
			name = Debug;
		};
		5C53AD552C1727B300922DCC /* Release */ = {
			isa = XCBuildConfiguration;
			buildSettings = {
				ALWAYS_SEARCH_USER_PATHS = NO;
				ASSETCATALOG_COMPILER_GENERATE_SWIFT_ASSET_SYMBOL_EXTENSIONS = YES;
				CLANG_ANALYZER_NONNULL = YES;
				CLANG_ANALYZER_NUMBER_OBJECT_CONVERSION = YES_AGGRESSIVE;
				CLANG_CXX_LANGUAGE_STANDARD = "gnu++20";
				CLANG_ENABLE_MODULES = YES;
				CLANG_ENABLE_OBJC_ARC = YES;
				CLANG_ENABLE_OBJC_WEAK = YES;
				CLANG_WARN_BLOCK_CAPTURE_AUTORELEASING = YES;
				CLANG_WARN_BOOL_CONVERSION = YES;
				CLANG_WARN_COMMA = YES;
				CLANG_WARN_CONSTANT_CONVERSION = YES;
				CLANG_WARN_DEPRECATED_OBJC_IMPLEMENTATIONS = YES;
				CLANG_WARN_DIRECT_OBJC_ISA_USAGE = YES_ERROR;
				CLANG_WARN_DOCUMENTATION_COMMENTS = YES;
				CLANG_WARN_EMPTY_BODY = YES;
				CLANG_WARN_ENUM_CONVERSION = YES;
				CLANG_WARN_INFINITE_RECURSION = YES;
				CLANG_WARN_INT_CONVERSION = YES;
				CLANG_WARN_NON_LITERAL_NULL_CONVERSION = YES;
				CLANG_WARN_OBJC_IMPLICIT_RETAIN_SELF = YES;
				CLANG_WARN_OBJC_LITERAL_CONVERSION = YES;
				CLANG_WARN_OBJC_ROOT_CLASS = YES_ERROR;
				CLANG_WARN_QUOTED_INCLUDE_IN_FRAMEWORK_HEADER = YES;
				CLANG_WARN_RANGE_LOOP_ANALYSIS = YES;
				CLANG_WARN_STRICT_PROTOTYPES = YES;
				CLANG_WARN_SUSPICIOUS_MOVE = YES;
				CLANG_WARN_UNGUARDED_AVAILABILITY = YES_AGGRESSIVE;
				CLANG_WARN_UNREACHABLE_CODE = YES;
				CLANG_WARN__DUPLICATE_METHOD_MATCH = YES;
				COPY_PHASE_STRIP = NO;
				DEBUG_INFORMATION_FORMAT = "dwarf-with-dsym";
				ENABLE_NS_ASSERTIONS = NO;
				ENABLE_STRICT_OBJC_MSGSEND = YES;
				ENABLE_USER_SCRIPT_SANDBOXING = YES;
				GCC_C_LANGUAGE_STANDARD = gnu17;
				GCC_NO_COMMON_BLOCKS = YES;
				GCC_WARN_64_TO_32_BIT_CONVERSION = YES;
				GCC_WARN_ABOUT_RETURN_TYPE = YES_ERROR;
				GCC_WARN_UNDECLARED_SELECTOR = YES;
				GCC_WARN_UNINITIALIZED_AUTOS = YES_AGGRESSIVE;
				GCC_WARN_UNUSED_FUNCTION = YES;
				GCC_WARN_UNUSED_VARIABLE = YES;
				IPHONEOS_DEPLOYMENT_TARGET = 14.0;
				LOCALIZATION_PREFERS_STRING_CATALOGS = YES;
				MTL_ENABLE_DEBUG_INFO = NO;
				MTL_FAST_MATH = YES;
				SDKROOT = iphoneos;
				SWIFT_COMPILATION_MODE = wholemodule;
				VALIDATE_PRODUCT = YES;
			};
			name = Release;
		};
		5C53AD572C1727B300922DCC /* Debug */ = {
			isa = XCBuildConfiguration;
			buildSettings = {
				ASSETCATALOG_COMPILER_APPICON_NAME = AppIcon;
				ASSETCATALOG_COMPILER_GLOBAL_ACCENT_COLOR_NAME = AccentColor;
				CODE_SIGN_STYLE = Automatic;
				CURRENT_PROJECT_VERSION = 1;
				GENERATE_INFOPLIST_FILE = YES;
				INFOPLIST_FILE = SampleVIPER/Info.plist;
				INFOPLIST_KEY_UIApplicationSupportsIndirectInputEvents = YES;
				INFOPLIST_KEY_UILaunchStoryboardName = LaunchScreen;
				INFOPLIST_KEY_UIMainStoryboardFile = "";
				INFOPLIST_KEY_UISupportedInterfaceOrientations = UIInterfaceOrientationPortrait;
				INFOPLIST_KEY_UISupportedInterfaceOrientations_iPad = "UIInterfaceOrientationLandscapeLeft UIInterfaceOrientationLandscapeRight UIInterfaceOrientationPortrait UIInterfaceOrientationPortraitUpsideDown";
				LD_RUNPATH_SEARCH_PATHS = (
					"$(inherited)",
					"@executable_path/Frameworks",
				);
				MARKETING_VERSION = 1.0;
				PRODUCT_BUNDLE_IDENTIFIER = com.oguzzyalcin.SampleVIPER;
				PRODUCT_NAME = "$(TARGET_NAME)";
				SUPPORTED_PLATFORMS = "iphoneos iphonesimulator";
				SUPPORTS_MACCATALYST = NO;
				SUPPORTS_MAC_DESIGNED_FOR_IPHONE_IPAD = NO;
				SWIFT_EMIT_LOC_STRINGS = YES;
				SWIFT_VERSION = 5.0;
				TARGETED_DEVICE_FAMILY = 1;
			};
			name = Debug;
		};
		5C53AD582C1727B300922DCC /* Release */ = {
			isa = XCBuildConfiguration;
			buildSettings = {
				ASSETCATALOG_COMPILER_APPICON_NAME = AppIcon;
				ASSETCATALOG_COMPILER_GLOBAL_ACCENT_COLOR_NAME = AccentColor;
				CODE_SIGN_STYLE = Automatic;
				CURRENT_PROJECT_VERSION = 1;
				GENERATE_INFOPLIST_FILE = YES;
				INFOPLIST_FILE = SampleVIPER/Info.plist;
				INFOPLIST_KEY_UIApplicationSupportsIndirectInputEvents = YES;
				INFOPLIST_KEY_UILaunchStoryboardName = LaunchScreen;
				INFOPLIST_KEY_UIMainStoryboardFile = "";
				INFOPLIST_KEY_UISupportedInterfaceOrientations = UIInterfaceOrientationPortrait;
				INFOPLIST_KEY_UISupportedInterfaceOrientations_iPad = "UIInterfaceOrientationLandscapeLeft UIInterfaceOrientationLandscapeRight UIInterfaceOrientationPortrait UIInterfaceOrientationPortraitUpsideDown";
				LD_RUNPATH_SEARCH_PATHS = (
					"$(inherited)",
					"@executable_path/Frameworks",
				);
				MARKETING_VERSION = 1.0;
				PRODUCT_BUNDLE_IDENTIFIER = com.oguzzyalcin.SampleVIPER;
				PRODUCT_NAME = "$(TARGET_NAME)";
				SUPPORTED_PLATFORMS = "iphoneos iphonesimulator";
				SUPPORTS_MACCATALYST = NO;
				SUPPORTS_MAC_DESIGNED_FOR_IPHONE_IPAD = NO;
				SWIFT_EMIT_LOC_STRINGS = YES;
				SWIFT_VERSION = 5.0;
				TARGETED_DEVICE_FAMILY = 1;
			};
			name = Release;
		};
		5C53AD5A2C1727B300922DCC /* Debug */ = {
			isa = XCBuildConfiguration;
			buildSettings = {
				ALWAYS_EMBED_SWIFT_STANDARD_LIBRARIES = YES;
				BUNDLE_LOADER = "$(TEST_HOST)";
				CODE_SIGN_STYLE = Automatic;
				CURRENT_PROJECT_VERSION = 1;
				GENERATE_INFOPLIST_FILE = YES;
				IPHONEOS_DEPLOYMENT_TARGET = 17.0;
				MARKETING_VERSION = 1.0;
				PRODUCT_BUNDLE_IDENTIFIER = com.oguzzyalcin.SampleVIPERTests;
				PRODUCT_NAME = "$(TARGET_NAME)";
				SWIFT_EMIT_LOC_STRINGS = NO;
				SWIFT_VERSION = 5.0;
				TARGETED_DEVICE_FAMILY = "1,2";
				TEST_HOST = "$(BUILT_PRODUCTS_DIR)/SampleVIPER.app/$(BUNDLE_EXECUTABLE_FOLDER_PATH)/SampleVIPER";
			};
			name = Debug;
		};
		5C53AD5B2C1727B300922DCC /* Release */ = {
			isa = XCBuildConfiguration;
			buildSettings = {
				ALWAYS_EMBED_SWIFT_STANDARD_LIBRARIES = YES;
				BUNDLE_LOADER = "$(TEST_HOST)";
				CODE_SIGN_STYLE = Automatic;
				CURRENT_PROJECT_VERSION = 1;
				GENERATE_INFOPLIST_FILE = YES;
				IPHONEOS_DEPLOYMENT_TARGET = 17.0;
				MARKETING_VERSION = 1.0;
				PRODUCT_BUNDLE_IDENTIFIER = com.oguzzyalcin.SampleVIPERTests;
				PRODUCT_NAME = "$(TARGET_NAME)";
				SWIFT_EMIT_LOC_STRINGS = NO;
				SWIFT_VERSION = 5.0;
				TARGETED_DEVICE_FAMILY = "1,2";
				TEST_HOST = "$(BUILT_PRODUCTS_DIR)/SampleVIPER.app/$(BUNDLE_EXECUTABLE_FOLDER_PATH)/SampleVIPER";
			};
			name = Release;
		};
		5C53AD5D2C1727B300922DCC /* Debug */ = {
			isa = XCBuildConfiguration;
			buildSettings = {
				ALWAYS_EMBED_SWIFT_STANDARD_LIBRARIES = YES;
				CODE_SIGN_STYLE = Automatic;
				CURRENT_PROJECT_VERSION = 1;
				GENERATE_INFOPLIST_FILE = YES;
				MARKETING_VERSION = 1.0;
				PRODUCT_BUNDLE_IDENTIFIER = com.oguzzyalcin.SampleVIPERUITests;
				PRODUCT_NAME = "$(TARGET_NAME)";
				SWIFT_EMIT_LOC_STRINGS = NO;
				SWIFT_VERSION = 5.0;
				TARGETED_DEVICE_FAMILY = "1,2";
				TEST_TARGET_NAME = SampleVIPER;
			};
			name = Debug;
		};
		5C53AD5E2C1727B300922DCC /* Release */ = {
			isa = XCBuildConfiguration;
			buildSettings = {
				ALWAYS_EMBED_SWIFT_STANDARD_LIBRARIES = YES;
				CODE_SIGN_STYLE = Automatic;
				CURRENT_PROJECT_VERSION = 1;
				GENERATE_INFOPLIST_FILE = YES;
				MARKETING_VERSION = 1.0;
				PRODUCT_BUNDLE_IDENTIFIER = com.oguzzyalcin.SampleVIPERUITests;
				PRODUCT_NAME = "$(TARGET_NAME)";
				SWIFT_EMIT_LOC_STRINGS = NO;
				SWIFT_VERSION = 5.0;
				TARGETED_DEVICE_FAMILY = "1,2";
				TEST_TARGET_NAME = SampleVIPER;
			};
			name = Release;
		};
/* End XCBuildConfiguration section */

/* Begin XCConfigurationList section */
		5C53AD272C1727B200922DCC /* Build configuration list for PBXProject "SampleVIPER" */ = {
			isa = XCConfigurationList;
			buildConfigurations = (
				5C53AD542C1727B300922DCC /* Debug */,
				5C53AD552C1727B300922DCC /* Release */,
			);
			defaultConfigurationIsVisible = 0;
			defaultConfigurationName = Release;
		};
		5C53AD562C1727B300922DCC /* Build configuration list for PBXNativeTarget "SampleVIPER" */ = {
			isa = XCConfigurationList;
			buildConfigurations = (
				5C53AD572C1727B300922DCC /* Debug */,
				5C53AD582C1727B300922DCC /* Release */,
			);
			defaultConfigurationIsVisible = 0;
			defaultConfigurationName = Release;
		};
		5C53AD592C1727B300922DCC /* Build configuration list for PBXNativeTarget "SampleVIPERTests" */ = {
			isa = XCConfigurationList;
			buildConfigurations = (
				5C53AD5A2C1727B300922DCC /* Debug */,
				5C53AD5B2C1727B300922DCC /* Release */,
			);
			defaultConfigurationIsVisible = 0;
			defaultConfigurationName = Release;
		};
		5C53AD5C2C1727B300922DCC /* Build configuration list for PBXNativeTarget "SampleVIPERUITests" */ = {
			isa = XCConfigurationList;
			buildConfigurations = (
				5C53AD5D2C1727B300922DCC /* Debug */,
				5C53AD5E2C1727B300922DCC /* Release */,
			);
			defaultConfigurationIsVisible = 0;
			defaultConfigurationName = Release;
		};
/* End XCConfigurationList section */

/* Begin XCRemoteSwiftPackageReference section */
		5CA0896C2C173C4C0092FEA9 /* XCRemoteSwiftPackageReference "Alamofire" */ = {
			isa = XCRemoteSwiftPackageReference;
			repositoryURL = "https://github.com/Alamofire/Alamofire.git";
			requirement = {
				kind = upToNextMajorVersion;
				minimumVersion = 5.9.1;
			};
		};
/* End XCRemoteSwiftPackageReference section */

/* Begin XCSwiftPackageProductDependency section */
		5CA0896D2C173C4C0092FEA9 /* Alamofire */ = {
			isa = XCSwiftPackageProductDependency;
			package = 5CA0896C2C173C4C0092FEA9 /* XCRemoteSwiftPackageReference "Alamofire" */;
			productName = Alamofire;
		};
		5CA0896F2C173C4C0092FEA9 /* AlamofireDynamic */ = {
			isa = XCSwiftPackageProductDependency;
			package = 5CA0896C2C173C4C0092FEA9 /* XCRemoteSwiftPackageReference "Alamofire" */;
			productName = AlamofireDynamic;
		};
/* End XCSwiftPackageProductDependency section */
	};
	rootObject = 5C53AD242C1727B200922DCC /* Project object */;
}
